// !$*UTF8*$!
{
	archiveVersion = 1;
	classes = {
	};
	objectVersion = 46;
	objects = {

/* Begin PBXBuildFile section */
		0C1D9CAE1DB36BCB00B50C1D /* FirstTableViewController.m in Sources */ = {isa = PBXBuildFile; fileRef = 0C1D9CAD1DB36BCA00B50C1D /* FirstTableViewController.m */; };
		0C1D9CB11DB36C7500B50C1D /* SecondViewController.m in Sources */ = {isa = PBXBuildFile; fileRef = 0C1D9CB01DB36C7500B50C1D /* SecondViewController.m */; };
		0C1D9CB41DB36C8B00B50C1D /* ThirdViewController.m in Sources */ = {isa = PBXBuildFile; fileRef = 0C1D9CB31DB36C8B00B50C1D /* ThirdViewController.m */; };
		0C1D9CB61DB3701900B50C1D /* libsqlite3.0.tbd in Frameworks */ = {isa = PBXBuildFile; fileRef = 0C1D9CB51DB3701900B50C1D /* libsqlite3.0.tbd */; };
		0C2353CC1DB35291000CB7E9 /* main.m in Sources */ = {isa = PBXBuildFile; fileRef = 0C2353CB1DB35291000CB7E9 /* main.m */; };
		0C2353CF1DB35291000CB7E9 /* AppDelegate.m in Sources */ = {isa = PBXBuildFile; fileRef = 0C2353CE1DB35291000CB7E9 /* AppDelegate.m */; };
		0C2353D51DB35292000CB7E9 /* Main.storyboard in Resources */ = {isa = PBXBuildFile; fileRef = 0C2353D31DB35292000CB7E9 /* Main.storyboard */; };
		0C2353D71DB35292000CB7E9 /* Assets.xcassets in Resources */ = {isa = PBXBuildFile; fileRef = 0C2353D61DB35292000CB7E9 /* Assets.xcassets */; };
		0C2353DA1DB35292000CB7E9 /* LaunchScreen.storyboard in Resources */ = {isa = PBXBuildFile; fileRef = 0C2353D81DB35292000CB7E9 /* LaunchScreen.storyboard */; };
		0C2353E51DB35293000CB7E9 /* MachineTest_1Tests.m in Sources */ = {isa = PBXBuildFile; fileRef = 0C2353E41DB35293000CB7E9 /* MachineTest_1Tests.m */; };
		0C2353F01DB35293000CB7E9 /* MachineTest_1UITests.m in Sources */ = {isa = PBXBuildFile; fileRef = 0C2353EF1DB35293000CB7E9 /* MachineTest_1UITests.m */; };
		0CF3F4B01DB38B5700A4F1C8 /* TableViewCell.m in Sources */ = {isa = PBXBuildFile; fileRef = 0CF3F4AE1DB38B5700A4F1C8 /* TableViewCell.m */; };
		0CF3F4B11DB38B5700A4F1C8 /* TableViewCell.xib in Resources */ = {isa = PBXBuildFile; fileRef = 0CF3F4AF1DB38B5700A4F1C8 /* TableViewCell.xib */; };
/* End PBXBuildFile section */

/* Begin PBXContainerItemProxy section */
		0C2353E11DB35293000CB7E9 /* PBXContainerItemProxy */ = {
			isa = PBXContainerItemProxy;
			containerPortal = 0C2353BF1DB35290000CB7E9 /* Project object */;
			proxyType = 1;
			remoteGlobalIDString = 0C2353C61DB35291000CB7E9;
			remoteInfo = "MachineTest-1";
		};
		0C2353EC1DB35293000CB7E9 /* PBXContainerItemProxy */ = {
			isa = PBXContainerItemProxy;
			containerPortal = 0C2353BF1DB35290000CB7E9 /* Project object */;
			proxyType = 1;
			remoteGlobalIDString = 0C2353C61DB35291000CB7E9;
			remoteInfo = "MachineTest-1";
		};
/* End PBXContainerItemProxy section */

/* Begin PBXFileReference section */
		0C1D9CAC1DB36BCA00B50C1D /* FirstTableViewController.h */ = {isa = PBXFileReference; fileEncoding = 4; lastKnownFileType = sourcecode.c.h; path = FirstTableViewController.h; sourceTree = "<group>"; };
		0C1D9CAD1DB36BCA00B50C1D /* FirstTableViewController.m */ = {isa = PBXFileReference; fileEncoding = 4; lastKnownFileType = sourcecode.c.objc; path = FirstTableViewController.m; sourceTree = "<group>"; };
		0C1D9CAF1DB36C7500B50C1D /* SecondViewController.h */ = {isa = PBXFileReference; fileEncoding = 4; lastKnownFileType = sourcecode.c.h; path = SecondViewController.h; sourceTree = "<group>"; };
		0C1D9CB01DB36C7500B50C1D /* SecondViewController.m */ = {isa = PBXFileReference; fileEncoding = 4; lastKnownFileType = sourcecode.c.objc; path = SecondViewController.m; sourceTree = "<group>"; };
		0C1D9CB21DB36C8B00B50C1D /* ThirdViewController.h */ = {isa = PBXFileReference; fileEncoding = 4; lastKnownFileType = sourcecode.c.h; path = ThirdViewController.h; sourceTree = "<group>"; };
		0C1D9CB31DB36C8B00B50C1D /* ThirdViewController.m */ = {isa = PBXFileReference; fileEncoding = 4; lastKnownFileType = sourcecode.c.objc; path = ThirdViewController.m; sourceTree = "<group>"; };
		0C1D9CB51DB3701900B50C1D /* libsqlite3.0.tbd */ = {isa = PBXFileReference; lastKnownFileType = "sourcecode.text-based-dylib-definition"; name = libsqlite3.0.tbd; path = usr/lib/libsqlite3.0.tbd; sourceTree = SDKROOT; };
		0C2353C71DB35291000CB7E9 /* MachineTest-1.app */ = {isa = PBXFileReference; explicitFileType = wrapper.application; includeInIndex = 0; path = "MachineTest-1.app"; sourceTree = BUILT_PRODUCTS_DIR; };
		0C2353CB1DB35291000CB7E9 /* main.m */ = {isa = PBXFileReference; lastKnownFileType = sourcecode.c.objc; path = main.m; sourceTree = "<group>"; };
		0C2353CD1DB35291000CB7E9 /* AppDelegate.h */ = {isa = PBXFileReference; lastKnownFileType = sourcecode.c.h; path = AppDelegate.h; sourceTree = "<group>"; };
		0C2353CE1DB35291000CB7E9 /* AppDelegate.m */ = {isa = PBXFileReference; lastKnownFileType = sourcecode.c.objc; path = AppDelegate.m; sourceTree = "<group>"; };
		0C2353D41DB35292000CB7E9 /* Base */ = {isa = PBXFileReference; lastKnownFileType = file.storyboard; name = Base; path = Base.lproj/Main.storyboard; sourceTree = "<group>"; };
		0C2353D61DB35292000CB7E9 /* Assets.xcassets */ = {isa = PBXFileReference; lastKnownFileType = folder.assetcatalog; path = Assets.xcassets; sourceTree = "<group>"; };
		0C2353D91DB35292000CB7E9 /* Base */ = {isa = PBXFileReference; lastKnownFileType = file.storyboard; name = Base; path = Base.lproj/LaunchScreen.storyboard; sourceTree = "<group>"; };
		0C2353DB1DB35292000CB7E9 /* Info.plist */ = {isa = PBXFileReference; lastKnownFileType = text.plist.xml; path = Info.plist; sourceTree = "<group>"; };
		0C2353E01DB35293000CB7E9 /* MachineTest-1Tests.xctest */ = {isa = PBXFileReference; explicitFileType = wrapper.cfbundle; includeInIndex = 0; path = "MachineTest-1Tests.xctest"; sourceTree = BUILT_PRODUCTS_DIR; };
		0C2353E41DB35293000CB7E9 /* MachineTest_1Tests.m */ = {isa = PBXFileReference; lastKnownFileType = sourcecode.c.objc; path = MachineTest_1Tests.m; sourceTree = "<group>"; };
		0C2353E61DB35293000CB7E9 /* Info.plist */ = {isa = PBXFileReference; lastKnownFileType = text.plist.xml; path = Info.plist; sourceTree = "<group>"; };
		0C2353EB1DB35293000CB7E9 /* MachineTest-1UITests.xctest */ = {isa = PBXFileReference; explicitFileType = wrapper.cfbundle; includeInIndex = 0; path = "MachineTest-1UITests.xctest"; sourceTree = BUILT_PRODUCTS_DIR; };
		0C2353EF1DB35293000CB7E9 /* MachineTest_1UITests.m */ = {isa = PBXFileReference; lastKnownFileType = sourcecode.c.objc; path = MachineTest_1UITests.m; sourceTree = "<group>"; };
		0C2353F11DB35293000CB7E9 /* Info.plist */ = {isa = PBXFileReference; lastKnownFileType = text.plist.xml; path = Info.plist; sourceTree = "<group>"; };
		0CF3F4AD1DB38B5700A4F1C8 /* TableViewCell.h */ = {isa = PBXFileReference; fileEncoding = 4; lastKnownFileType = sourcecode.c.h; path = TableViewCell.h; sourceTree = "<group>"; };
		0CF3F4AE1DB38B5700A4F1C8 /* TableViewCell.m */ = {isa = PBXFileReference; fileEncoding = 4; lastKnownFileType = sourcecode.c.objc; path = TableViewCell.m; sourceTree = "<group>"; };
		0CF3F4AF1DB38B5700A4F1C8 /* TableViewCell.xib */ = {isa = PBXFileReference; fileEncoding = 4; lastKnownFileType = file.xib; path = TableViewCell.xib; sourceTree = "<group>"; };
/* End PBXFileReference section */

/* Begin PBXFrameworksBuildPhase section */
		0C2353C41DB35291000CB7E9 /* Frameworks */ = {
			isa = PBXFrameworksBuildPhase;
			buildActionMask = 2147483647;
			files = (
				0C1D9CB61DB3701900B50C1D /* libsqlite3.0.tbd in Frameworks */,
			);
			runOnlyForDeploymentPostprocessing = 0;
		};
		0C2353DD1DB35293000CB7E9 /* Frameworks */ = {
			isa = PBXFrameworksBuildPhase;
			buildActionMask = 2147483647;
			files = (
			);
			runOnlyForDeploymentPostprocessing = 0;
		};
		0C2353E81DB35293000CB7E9 /* Frameworks */ = {
			isa = PBXFrameworksBuildPhase;
			buildActionMask = 2147483647;
			files = (
			);
			runOnlyForDeploymentPostprocessing = 0;
		};
/* End PBXFrameworksBuildPhase section */

/* Begin PBXGroup section */
		0C2353BE1DB35290000CB7E9 = {
			isa = PBXGroup;
			children = (
				0C1D9CB51DB3701900B50C1D /* libsqlite3.0.tbd */,
				0C2353C91DB35291000CB7E9 /* MachineTest-1 */,
				0C2353E31DB35293000CB7E9 /* MachineTest-1Tests */,
				0C2353EE1DB35293000CB7E9 /* MachineTest-1UITests */,
				0C2353C81DB35291000CB7E9 /* Products */,
			);
			sourceTree = "<group>";
		};
		0C2353C81DB35291000CB7E9 /* Products */ = {
			isa = PBXGroup;
			children = (
				0C2353C71DB35291000CB7E9 /* MachineTest-1.app */,
				0C2353E01DB35293000CB7E9 /* MachineTest-1Tests.xctest */,
				0C2353EB1DB35293000CB7E9 /* MachineTest-1UITests.xctest */,
			);
			name = Products;
			sourceTree = "<group>";
		};
		0C2353C91DB35291000CB7E9 /* MachineTest-1 */ = {
			isa = PBXGroup;
			children = (
				0C2353CD1DB35291000CB7E9 /* AppDelegate.h */,
				0C2353CE1DB35291000CB7E9 /* AppDelegate.m */,
				0C1D9CAC1DB36BCA00B50C1D /* FirstTableViewController.h */,
				0C1D9CAD1DB36BCA00B50C1D /* FirstTableViewController.m */,
				0C1D9CAF1DB36C7500B50C1D /* SecondViewController.h */,
				0C1D9CB01DB36C7500B50C1D /* SecondViewController.m */,
				0C1D9CB21DB36C8B00B50C1D /* ThirdViewController.h */,
				0C1D9CB31DB36C8B00B50C1D /* ThirdViewController.m */,
				0CF3F4AD1DB38B5700A4F1C8 /* TableViewCell.h */,
				0CF3F4AE1DB38B5700A4F1C8 /* TableViewCell.m */,
				0CF3F4AF1DB38B5700A4F1C8 /* TableViewCell.xib */,
				0C2353D31DB35292000CB7E9 /* Main.storyboard */,
				0C2353D61DB35292000CB7E9 /* Assets.xcassets */,
				0C2353D81DB35292000CB7E9 /* LaunchScreen.storyboard */,
				0C2353DB1DB35292000CB7E9 /* Info.plist */,
				0C2353CA1DB35291000CB7E9 /* Supporting Files */,
			);
			path = "MachineTest-1";
			sourceTree = "<group>";
		};
		0C2353CA1DB35291000CB7E9 /* Supporting Files */ = {
			isa = PBXGroup;
			children = (
				0C2353CB1DB35291000CB7E9 /* main.m */,
			);
			name = "Supporting Files";
			sourceTree = "<group>";
		};
		0C2353E31DB35293000CB7E9 /* MachineTest-1Tests */ = {
			isa = PBXGroup;
			children = (
				0C2353E41DB35293000CB7E9 /* MachineTest_1Tests.m */,
				0C2353E61DB35293000CB7E9 /* Info.plist */,
			);
			path = "MachineTest-1Tests";
			sourceTree = "<group>";
		};
		0C2353EE1DB35293000CB7E9 /* MachineTest-1UITests */ = {
			isa = PBXGroup;
			children = (
				0C2353EF1DB35293000CB7E9 /* MachineTest_1UITests.m */,
				0C2353F11DB35293000CB7E9 /* Info.plist */,
			);
			path = "MachineTest-1UITests";
			sourceTree = "<group>";
		};
/* End PBXGroup section */

/* Begin PBXNativeTarget section */
		0C2353C61DB35291000CB7E9 /* MachineTest-1 */ = {
			isa = PBXNativeTarget;
			buildConfigurationList = 0C2353F41DB35293000CB7E9 /* Build configuration list for PBXNativeTarget "MachineTest-1" */;
			buildPhases = (
				0C2353C31DB35291000CB7E9 /* Sources */,
				0C2353C41DB35291000CB7E9 /* Frameworks */,
				0C2353C51DB35291000CB7E9 /* Resources */,
			);
			buildRules = (
			);
			dependencies = (
			);
			name = "MachineTest-1";
			productName = "MachineTest-1";
			productReference = 0C2353C71DB35291000CB7E9 /* MachineTest-1.app */;
			productType = "com.apple.product-type.application";
		};
		0C2353DF1DB35293000CB7E9 /* MachineTest-1Tests */ = {
			isa = PBXNativeTarget;
			buildConfigurationList = 0C2353F71DB35293000CB7E9 /* Build configuration list for PBXNativeTarget "MachineTest-1Tests" */;
			buildPhases = (
				0C2353DC1DB35293000CB7E9 /* Sources */,
				0C2353DD1DB35293000CB7E9 /* Frameworks */,
				0C2353DE1DB35293000CB7E9 /* Resources */,
			);
			buildRules = (
			);
			dependencies = (
				0C2353E21DB35293000CB7E9 /* PBXTargetDependency */,
			);
			name = "MachineTest-1Tests";
			productName = "MachineTest-1Tests";
			productReference = 0C2353E01DB35293000CB7E9 /* MachineTest-1Tests.xctest */;
			productType = "com.apple.product-type.bundle.unit-test";
		};
		0C2353EA1DB35293000CB7E9 /* MachineTest-1UITests */ = {
			isa = PBXNativeTarget;
			buildConfigurationList = 0C2353FA1DB35293000CB7E9 /* Build configuration list for PBXNativeTarget "MachineTest-1UITests" */;
			buildPhases = (
				0C2353E71DB35293000CB7E9 /* Sources */,
				0C2353E81DB35293000CB7E9 /* Frameworks */,
				0C2353E91DB35293000CB7E9 /* Resources */,
			);
			buildRules = (
			);
			dependencies = (
				0C2353ED1DB35293000CB7E9 /* PBXTargetDependency */,
			);
			name = "MachineTest-1UITests";
			productName = "MachineTest-1UITests";
			productReference = 0C2353EB1DB35293000CB7E9 /* MachineTest-1UITests.xctest */;
			productType = "com.apple.product-type.bundle.ui-testing";
		};
/* End PBXNativeTarget section */

/* Begin PBXProject section */
		0C2353BF1DB35290000CB7E9 /* Project object */ = {
			isa = PBXProject;
			attributes = {
				LastUpgradeCheck = 0730;
				ORGANIZATIONNAME = AKSHAY;
				TargetAttributes = {
					0C2353C61DB35291000CB7E9 = {
						CreatedOnToolsVersion = 7.3.1;
					};
					0C2353DF1DB35293000CB7E9 = {
						CreatedOnToolsVersion = 7.3.1;
						TestTargetID = 0C2353C61DB35291000CB7E9;
					};
					0C2353EA1DB35293000CB7E9 = {
						CreatedOnToolsVersion = 7.3.1;
						TestTargetID = 0C2353C61DB35291000CB7E9;
					};
				};
			};
			buildConfigurationList = 0C2353C21DB35290000CB7E9 /* Build configuration list for PBXProject "MachineTest-1" */;
			compatibilityVersion = "Xcode 3.2";
			developmentRegion = English;
			hasScannedForEncodings = 0;
			knownRegions = (
				en,
				Base,
			);
			mainGroup = 0C2353BE1DB35290000CB7E9;
			productRefGroup = 0C2353C81DB35291000CB7E9 /* Products */;
			projectDirPath = "";
			projectRoot = "";
			targets = (
				0C2353C61DB35291000CB7E9 /* MachineTest-1 */,
				0C2353DF1DB35293000CB7E9 /* MachineTest-1Tests */,
				0C2353EA1DB35293000CB7E9 /* MachineTest-1UITests */,
			);
		};
/* End PBXProject section */

/* Begin PBXResourcesBuildPhase section */
		0C2353C51DB35291000CB7E9 /* Resources */ = {
			isa = PBXResourcesBuildPhase;
			buildActionMask = 2147483647;
			files = (
				0C2353DA1DB35292000CB7E9 /* LaunchScreen.storyboard in Resources */,
				0CF3F4B11DB38B5700A4F1C8 /* TableViewCell.xib in Resources */,
				0C2353D71DB35292000CB7E9 /* Assets.xcassets in Resources */,
				0C2353D51DB35292000CB7E9 /* Main.storyboard in Resources */,
			);
			runOnlyForDeploymentPostprocessing = 0;
		};
		0C2353DE1DB35293000CB7E9 /* Resources */ = {
			isa = PBXResourcesBuildPhase;
			buildActionMask = 2147483647;
			files = (
			);
			runOnlyForDeploymentPostprocessing = 0;
		};
		0C2353E91DB35293000CB7E9 /* Resources */ = {
			isa = PBXResourcesBuildPhase;
			buildActionMask = 2147483647;
			files = (
			);
			runOnlyForDeploymentPostprocessing = 0;
		};
/* End PBXResourcesBuildPhase section */

/* Begin PBXSourcesBuildPhase section */
		0C2353C31DB35291000CB7E9 /* Sources */ = {
			isa = PBXSourcesBuildPhase;
			buildActionMask = 2147483647;
			files = (
				0C1D9CB11DB36C7500B50C1D /* SecondViewController.m in Sources */,
				0CF3F4B01DB38B5700A4F1C8 /* TableViewCell.m in Sources */,
				0C1D9CAE1DB36BCB00B50C1D /* FirstTableViewController.m in Sources */,
				0C1D9CB41DB36C8B00B50C1D /* ThirdViewController.m in Sources */,
				0C2353CF1DB35291000CB7E9 /* AppDelegate.m in Sources */,
				0C2353CC1DB35291000CB7E9 /* main.m in Sources */,
			);
			runOnlyForDeploymentPostprocessing = 0;
		};
		0C2353DC1DB35293000CB7E9 /* Sources */ = {
			isa = PBXSourcesBuildPhase;
			buildActionMask = 2147483647;
			files = (
				0C2353E51DB35293000CB7E9 /* MachineTest_1Tests.m in Sources */,
			);
			runOnlyForDeploymentPostprocessing = 0;
		};
		0C2353E71DB35293000CB7E9 /* Sources */ = {
			isa = PBXSourcesBuildPhase;
			buildActionMask = 2147483647;
			files = (
				0C2353F01DB35293000CB7E9 /* MachineTest_1UITests.m in Sources */,
			);
			runOnlyForDeploymentPostprocessing = 0;
		};
/* End PBXSourcesBuildPhase section */

/* Begin PBXTargetDependency section */
		0C2353E21DB35293000CB7E9 /* PBXTargetDependency */ = {
			isa = PBXTargetDependency;
			target = 0C2353C61DB35291000CB7E9 /* MachineTest-1 */;
			targetProxy = 0C2353E11DB35293000CB7E9 /* PBXContainerItemProxy */;
		};
		0C2353ED1DB35293000CB7E9 /* PBXTargetDependency */ = {
			isa = PBXTargetDependency;
			target = 0C2353C61DB35291000CB7E9 /* MachineTest-1 */;
			targetProxy = 0C2353EC1DB35293000CB7E9 /* PBXContainerItemProxy */;
		};
/* End PBXTargetDependency section */

/* Begin PBXVariantGroup section */
		0C2353D31DB35292000CB7E9 /* Main.storyboard */ = {
			isa = PBXVariantGroup;
			children = (
				0C2353D41DB35292000CB7E9 /* Base */,
			);
			name = Main.storyboard;
			sourceTree = "<group>";
		};
		0C2353D81DB35292000CB7E9 /* LaunchScreen.storyboard */ = {
			isa = PBXVariantGroup;
			children = (
				0C2353D91DB35292000CB7E9 /* Base */,
			);
			name = LaunchScreen.storyboard;
			sourceTree = "<group>";
		};
/* End PBXVariantGroup section */

/* Begin XCBuildConfiguration section */
		0C2353F21DB35293000CB7E9 /* Debug */ = {
			isa = XCBuildConfiguration;
			buildSettings = {
				ALWAYS_SEARCH_USER_PATHS = NO;
				CLANG_ANALYZER_NONNULL = YES;
				CLANG_CXX_LANGUAGE_STANDARD = "gnu++0x";
				CLANG_CXX_LIBRARY = "libc++";
				CLANG_ENABLE_MODULES = YES;
				CLANG_ENABLE_OBJC_ARC = YES;
				CLANG_WARN_BOOL_CONVERSION = YES;
				CLANG_WARN_CONSTANT_CONVERSION = YES;
				CLANG_WARN_DIRECT_OBJC_ISA_USAGE = YES_ERROR;
				CLANG_WARN_EMPTY_BODY = YES;
				CLANG_WARN_ENUM_CONVERSION = YES;
				CLANG_WARN_INT_CONVERSION = YES;
				CLANG_WARN_OBJC_ROOT_CLASS = YES_ERROR;
				CLANG_WARN_UNREACHABLE_CODE = YES;
				CLANG_WARN__DUPLICATE_METHOD_MATCH = YES;
				"CODE_SIGN_IDENTITY[sdk=iphoneos*]" = "iPhone Developer";
				COPY_PHASE_STRIP = NO;
				DEBUG_INFORMATION_FORMAT = dwarf;
				ENABLE_STRICT_OBJC_MSGSEND = YES;
				ENABLE_TESTABILITY = YES;
				GCC_C_LANGUAGE_STANDARD = gnu99;
				GCC_DYNAMIC_NO_PIC = NO;
				GCC_NO_COMMON_BLOCKS = YES;
				GCC_OPTIMIZATION_LEVEL = 0;
				GCC_PREPROCESSOR_DEFINITIONS = (
					"DEBUG=1",
					"$(inherited)",
				);
				GCC_WARN_64_TO_32_BIT_CONVERSION = YES;
				GCC_WARN_ABOUT_RETURN_TYPE = YES_ERROR;
				GCC_WARN_UNDECLARED_SELECTOR = YES;
				GCC_WARN_UNINITIALIZED_AUTOS = YES_AGGRESSIVE;
				GCC_WARN_UNUSED_FUNCTION = YES;
				GCC_WARN_UNUSED_VARIABLE = YES;
				IPHONEOS_DEPLOYMENT_TARGET = 9.3;
				MTL_ENABLE_DEBUG_INFO = YES;
				ONLY_ACTIVE_ARCH = YES;
				SDKROOT = iphoneos;
				TARGETED_DEVICE_FAMILY = "1,2";
			};
			name = Debug;
		};
		0C2353F31DB35293000CB7E9 /* Release */ = {
			isa = XCBuildConfiguration;
			buildSettings = {
				ALWAYS_SEARCH_USER_PATHS = NO;
				CLANG_ANALYZER_NONNULL = YES;
				CLANG_CXX_LANGUAGE_STANDARD = "gnu++0x";
				CLANG_CXX_LIBRARY = "libc++";
				CLANG_ENABLE_MODULES = YES;
				CLANG_ENABLE_OBJC_ARC = YES;
				CLANG_WARN_BOOL_CONVERSION = YES;
				CLANG_WARN_CONSTANT_CONVERSION = YES;
				CLANG_WARN_DIRECT_OBJC_ISA_USAGE = YES_ERROR;
				CLANG_WARN_EMPTY_BODY = YES;
				CLANG_WARN_ENUM_CONVERSION = YES;
				CLANG_WARN_INT_CONVERSION = YES;
				CLANG_WARN_OBJC_ROOT_CLASS = YES_ERROR;
				CLANG_WARN_UNREACHABLE_CODE = YES;
				CLANG_WARN__DUPLICATE_METHOD_MATCH = YES;
				"CODE_SIGN_IDENTITY[sdk=iphoneos*]" = "iPhone Developer";
				COPY_PHASE_STRIP = NO;
				DEBUG_INFORMATION_FORMAT = "dwarf-with-dsym";
				ENABLE_NS_ASSERTIONS = NO;
				ENABLE_STRICT_OBJC_MSGSEND = YES;
				GCC_C_LANGUAGE_STANDARD = gnu99;
				GCC_NO_COMMON_BLOCKS = YES;
				GCC_WARN_64_TO_32_BIT_CONVERSION = YES;
				GCC_WARN_ABOUT_RETURN_TYPE = YES_ERROR;
				GCC_WARN_UNDECLARED_SELECTOR = YES;
				GCC_WARN_UNINITIALIZED_AUTOS = YES_AGGRESSIVE;
				GCC_WARN_UNUSED_FUNCTION = YES;
				GCC_WARN_UNUSED_VARIABLE = YES;
				IPHONEOS_DEPLOYMENT_TARGET = 9.3;
				MTL_ENABLE_DEBUG_INFO = NO;
				SDKROOT = iphoneos;
				TARGETED_DEVICE_FAMILY = "1,2";
				VALIDATE_PRODUCT = YES;
			};
			name = Release;
		};
		0C2353F51DB35293000CB7E9 /* Debug */ = {
			isa = XCBuildConfiguration;
			buildSettings = {
				ASSETCATALOG_COMPILER_APPICON_NAME = AppIcon;
				INFOPLIST_FILE = "MachineTest-1/Info.plist";
				LD_RUNPATH_SEARCH_PATHS = "$(inherited) @executable_path/Frameworks";
				PRODUCT_BUNDLE_IDENTIFIER = "Akshay.MachineTest-1";
				PRODUCT_NAME = "$(TARGET_NAME)";
			};
			name = Debug;
		};
		0C2353F61DB35293000CB7E9 /* Release */ = {
			isa = XCBuildConfiguration;
			buildSettings = {
				ASSETCATALOG_COMPILER_APPICON_NAME = AppIcon;
				INFOPLIST_FILE = "MachineTest-1/Info.plist";
				LD_RUNPATH_SEARCH_PATHS = "$(inherited) @executable_path/Frameworks";
				PRODUCT_BUNDLE_IDENTIFIER = "Akshay.MachineTest-1";
				PRODUCT_NAME = "$(TARGET_NAME)";
			};
			name = Release;
		};
		0C2353F81DB35293000CB7E9 /* Debug */ = {
			isa = XCBuildConfiguration;
			buildSettings = {
				BUNDLE_LOADER = "$(TEST_HOST)";
				INFOPLIST_FILE = "MachineTest-1Tests/Info.plist";
				LD_RUNPATH_SEARCH_PATHS = "$(inherited) @executable_path/Frameworks @loader_path/Frameworks";
				PRODUCT_BUNDLE_IDENTIFIER = "Akshay.MachineTest-1Tests";
				PRODUCT_NAME = "$(TARGET_NAME)";
				TEST_HOST = "$(BUILT_PRODUCTS_DIR)/MachineTest-1.app/MachineTest-1";
			};
			name = Debug;
		};
		0C2353F91DB35293000CB7E9 /* Release */ = {
			isa = XCBuildConfiguration;
			buildSettings = {
				BUNDLE_LOADER = "$(TEST_HOST)";
				INFOPLIST_FILE = "MachineTest-1Tests/Info.plist";
				LD_RUNPATH_SEARCH_PATHS = "$(inherited) @executable_path/Frameworks @loader_path/Frameworks";
				PRODUCT_BUNDLE_IDENTIFIER = "Akshay.MachineTest-1Tests";
				PRODUCT_NAME = "$(TARGET_NAME)";
				TEST_HOST = "$(BUILT_PRODUCTS_DIR)/MachineTest-1.app/MachineTest-1";
			};
			name = Release;
		};
		0C2353FB1DB35293000CB7E9 /* Debug */ = {
			isa = XCBuildConfiguration;
			buildSettings = {
				INFOPLIST_FILE = "MachineTest-1UITests/Info.plist";
				LD_RUNPATH_SEARCH_PATHS = "$(inherited) @executable_path/Frameworks @loader_path/Frameworks";
				PRODUCT_BUNDLE_IDENTIFIER = "Akshay.MachineTest-1UITests";
				PRODUCT_NAME = "$(TARGET_NAME)";
				TEST_TARGET_NAME = "MachineTest-1";
			};
			name = Debug;
		};
		0C2353FC1DB35293000CB7E9 /* Release */ = {
			isa = XCBuildConfiguration;
			buildSettings = {
				INFOPLIST_FILE = "MachineTest-1UITests/Info.plist";
				LD_RUNPATH_SEARCH_PATHS = "$(inherited) @executable_path/Frameworks @loader_path/Frameworks";
				PRODUCT_BUNDLE_IDENTIFIER = "Akshay.MachineTest-1UITests";
				PRODUCT_NAME = "$(TARGET_NAME)";
				TEST_TARGET_NAME = "MachineTest-1";
			};
			name = Release;
		};
/* End XCBuildConfiguration section */

/* Begin XCConfigurationList section */
		0C2353C21DB35290000CB7E9 /* Build configuration list for PBXProject "MachineTest-1" */ = {
			isa = XCConfigurationList;
			buildConfigurations = (
				0C2353F21DB35293000CB7E9 /* Debug */,
				0C2353F31DB35293000CB7E9 /* Release */,
			);
			defaultConfigurationIsVisible = 0;
			defaultConfigurationName = Release;
		};
		0C2353F41DB35293000CB7E9 /* Build configuration list for PBXNativeTarget "MachineTest-1" */ = {
			isa = XCConfigurationList;
			buildConfigurations = (
				0C2353F51DB35293000CB7E9 /* Debug */,
				0C2353F61DB35293000CB7E9 /* Release */,
			);
			defaultConfigurationIsVisible = 0;
			defaultConfigurationName = Release;
		};
		0C2353F71DB35293000CB7E9 /* Build configuration list for PBXNativeTarget "MachineTest-1Tests" */ = {
			isa = XCConfigurationList;
			buildConfigurations = (
				0C2353F81DB35293000CB7E9 /* Debug */,
				0C2353F91DB35293000CB7E9 /* Release */,
			);
			defaultConfigurationIsVisible = 0;
			defaultConfigurationName = Release;
		};
		0C2353FA1DB35293000CB7E9 /* Build configuration list for PBXNativeTarget "MachineTest-1UITests" */ = {
			isa = XCConfigurationList;
			buildConfigurations = (
				0C2353FB1DB35293000CB7E9 /* Debug */,
				0C2353FC1DB35293000CB7E9 /* Release */,
			);
			defaultConfigurationIsVisible = 0;
			defaultConfigurationName = Release;
		};
/* End XCConfigurationList section */
	};
	rootObject = 0C2353BF1DB35290000CB7E9 /* Project object */;
}
